<?xml version="1.0" encoding="utf-8"?>
<Project ToolsVersion="4.0" xmlns="http://schemas.microsoft.com/developer/msbuild/2003">
  <ItemGroup>
    <Filter Include="Entity">
      <UniqueIdentifier>{93995380-89BD-4b04-88EB-625FBE52EBFB}</UniqueIdentifier>
      <Extensions>h;hh;hpp;hxx;h++;hm;inl;inc;ipp;xsd</Extensions>
    </Filter>
    <Filter Include="Entity2D">
      <UniqueIdentifier>{4FC737F1-C7A5-4376-A066-2A32D752A2FF}</UniqueIdentifier>
      <Extensions>cpp;c;cc;cxx;c++;cppm;ixx;def;odl;idl;hpj;bat;asm;asmx</Extensions>
    </Filter>
    <Filter Include="Renderer">
      <UniqueIdentifier>{fda4cfec-8967-473e-b071-bd455a238918}</UniqueIdentifier>
    </Filter>
    <Filter Include="TinyXML2">
      <UniqueIdentifier>{3a8bc8dc-886a-4c25-83f3-1dd8b6c35269}</UniqueIdentifier>
    </Filter>
    <Filter Include="Window">
      <UniqueIdentifier>{e99a21b7-fff7-4df5-9476-ac918ae0df7c}</UniqueIdentifier>
    </Filter>
    <Filter Include="BaseGame">
      <UniqueIdentifier>{10b85faf-b7cd-4540-ab41-e0f67c9b2f2f}</UniqueIdentifier>
    </Filter>
    <Filter Include="Fly Functions">
      <UniqueIdentifier>{e238fed7-3259-4073-9963-60a4f3cce4cd}</UniqueIdentifier>
    </Filter>
    <Filter Include="Fly Functions\Debugger">
      <UniqueIdentifier>{20895c9f-50a5-44b9-9b52-8134f38da2c8}</UniqueIdentifier>
    </Filter>
    <Filter Include="Input">
      <UniqueIdentifier>{ddaba63b-f771-4cbe-95b2-1e049dde4cbe}</UniqueIdentifier>
    </Filter>
    <Filter Include="Fly Functions\KeyCode">
      <UniqueIdentifier>{a7ad10ac-bf5d-4bb9-9f69-6d4aa0e1bcee}</UniqueIdentifier>
    </Filter>
    <Filter Include="Fly Functions\Commons">
      <UniqueIdentifier>{9466c06d-e8f7-4967-a042-c441127568ef}</UniqueIdentifier>
    </Filter>
    <Filter Include="Fly Functions\ColorCode">
      <UniqueIdentifier>{d3cad21f-f719-49ad-b39e-b15a0fa7eaf5}</UniqueIdentifier>
    </Filter>
    <Filter Include="Fly Functions\Color">
      <UniqueIdentifier>{f0d07718-5831-4e7c-8a7a-962c74f1b108}</UniqueIdentifier>
    </Filter>
    <Filter Include="Component">
      <UniqueIdentifier>{f802b383-8ac6-465e-97de-f4cb52922fb7}</UniqueIdentifier>
    </Filter>
    <Filter Include="Shader">
      <UniqueIdentifier>{d7f5a1a7-d00b-4cbd-ac89-7d1105f562ba}</UniqueIdentifier>
    </Filter>
    <Filter Include="Entity3D">
      <UniqueIdentifier>{c1652657-eb12-4b28-be6c-daa0aae93bf1}</UniqueIdentifier>
    </Filter>
  </ItemGroup>
  <ItemGroup>
    <ClCompile Include="src\main.cpp" />
    <ClCompile Include="src\TinyXML2\tinyxml2.cpp">
      <Filter>TinyXML2</Filter>
    </ClCompile>
    <ClCompile Include="src\Window\Window.cpp">
      <Filter>Window</Filter>
    </ClCompile>
    <ClCompile Include="src\BaseGame\BaseGame.cpp">
      <Filter>BaseGame</Filter>
    </ClCompile>
    <ClCompile Include="src\FlyFunctions\Debugger\Debugger.cpp">
      <Filter>Fly Functions\Debugger</Filter>
    </ClCompile>
    <ClCompile Include="src\glad.c" />
    <ClCompile Include="src\Renderer\Renderer.cpp">
      <Filter>Renderer</Filter>
    </ClCompile>
    <ClCompile Include="src\Input\Input.cpp">
      <Filter>Input</Filter>
    </ClCompile>
    <ClCompile Include="src\FlyFunctions\Commons\Commons.cpp">
      <Filter>Fly Functions\Commons</Filter>
    </ClCompile>
    <ClCompile Include="src\FlyFunctions\Color\Color.cpp">
      <Filter>Fly Functions\Color</Filter>
    </ClCompile>
    <ClCompile Include="src\Component\Component.cpp">
      <Filter>Component</Filter>
    </ClCompile>
    <ClCompile Include="src\Entity\Entity.cpp">
      <Filter>Entity</Filter>
    </ClCompile>
    <ClCompile Include="src\Shader\Shader.cpp">
      <Filter>Shader</Filter>
    </ClCompile>
    <ClCompile Include="src\Entity3D\Entity3D.cpp">
      <Filter>Entity3D</Filter>
    </ClCompile>
  </ItemGroup>
  <ItemGroup>
    <ClInclude Include="src\Exports\Exports.h" />
    <ClInclude Include="src\TinyXML2\tinyxml2.h">
      <Filter>TinyXML2</Filter>
    </ClInclude>
    <ClInclude Include="src\Window\Window.h">
      <Filter>Window</Filter>
    </ClInclude>
    <ClInclude Include="src\BaseGame\BaseGame.h">
      <Filter>BaseGame</Filter>
    </ClInclude>
    <ClInclude Include="src\FlyFunctions\Debugger\Debugger.h">
      <Filter>Fly Functions\Debugger</Filter>
    </ClInclude>
    <ClInclude Include="src\Renderer\Renderer.h">
      <Filter>Renderer</Filter>
    </ClInclude>
    <ClInclude Include="src\Input\Input.h">
      <Filter>Input</Filter>
    </ClInclude>
    <ClInclude Include="src\FlyFunctions\KeyCode\KeyCode.h">
      <Filter>Fly Functions\KeyCode</Filter>
    </ClInclude>
    <ClInclude Include="src\FlyFunctions\Commons\Commons.h">
      <Filter>Fly Functions\Commons</Filter>
    </ClInclude>
    <ClInclude Include="src\FlyFunctions\ColorCode\ColorCode.h">
      <Filter>Fly Functions\ColorCode</Filter>
    </ClInclude>
    <ClInclude Include="src\FlyFunctions\Color\Color.h">
      <Filter>Fly Functions\Color</Filter>
    </ClInclude>
    <ClInclude Include="src\Component\Component.h">
      <Filter>Component</Filter>
    </ClInclude>
    <ClInclude Include="src\Entity\Entity.h">
      <Filter>Entity</Filter>
    </ClInclude>
    <ClInclude Include="src\Shader\Shader.h">
      <Filter>Shader</Filter>
    </ClInclude>
    <ClInclude Include="src\Entity3D\Entity3D.h">
      <Filter>Entity3D</Filter>
    </ClInclude>
  </ItemGroup>
</Project>