<?xml version="1.0" encoding="utf-8"?>
<Project ToolsVersion="4.0" xmlns="http://schemas.microsoft.com/developer/msbuild/2003">
  <ItemGroup>
    <Filter Include="Entity">
      <UniqueIdentifier>{93995380-89BD-4b04-88EB-625FBE52EBFB}</UniqueIdentifier>
      <Extensions>h;hh;hpp;hxx;h++;hm;inl;inc;ipp;xsd</Extensions>
    </Filter>
    <Filter Include="Entity2D">
      <UniqueIdentifier>{4FC737F1-C7A5-4376-A066-2A32D752A2FF}</UniqueIdentifier>
      <Extensions>cpp;c;cc;cxx;c++;cppm;ixx;def;odl;idl;hpj;bat;asm;asmx</Extensions>
    </Filter>
    <Filter Include="Renderer">
      <UniqueIdentifier>{fda4cfec-8967-473e-b071-bd455a238918}</UniqueIdentifier>
    </Filter>
    <Filter Include="TinyXML2">
      <UniqueIdentifier>{3a8bc8dc-886a-4c25-83f3-1dd8b6c35269}</UniqueIdentifier>
    </Filter>
    <Filter Include="Window">
      <UniqueIdentifier>{e99a21b7-fff7-4df5-9476-ac918ae0df7c}</UniqueIdentifier>
    </Filter>
    <Filter Include="BaseGame">
      <UniqueIdentifier>{10b85faf-b7cd-4540-ab41-e0f67c9b2f2f}</UniqueIdentifier>
    </Filter>
    <Filter Include="Fly Functions">
      <UniqueIdentifier>{e238fed7-3259-4073-9963-60a4f3cce4cd}</UniqueIdentifier>
    </Filter>
    <Filter Include="Fly Functions\Debugger">
      <UniqueIdentifier>{20895c9f-50a5-44b9-9b52-8134f38da2c8}</UniqueIdentifier>
    </Filter>
    <Filter Include="Input">
      <UniqueIdentifier>{ddaba63b-f771-4cbe-95b2-1e049dde4cbe}</UniqueIdentifier>
    </Filter>
    <Filter Include="Fly Functions\KeyCode">
      <UniqueIdentifier>{a7ad10ac-bf5d-4bb9-9f69-6d4aa0e1bcee}</UniqueIdentifier>
    </Filter>
    <Filter Include="Fly Functions\Commons">
      <UniqueIdentifier>{9466c06d-e8f7-4967-a042-c441127568ef}</UniqueIdentifier>
    </Filter>
    <Filter Include="Fly Functions\ColorCode">
      <UniqueIdentifier>{d3cad21f-f719-49ad-b39e-b15a0fa7eaf5}</UniqueIdentifier>
    </Filter>
    <Filter Include="Fly Functions\Color">
      <UniqueIdentifier>{f0d07718-5831-4e7c-8a7a-962c74f1b108}</UniqueIdentifier>
    </Filter>
    <Filter Include="Component">
      <UniqueIdentifier>{f802b383-8ac6-465e-97de-f4cb52922fb7}</UniqueIdentifier>
    </Filter>
    <Filter Include="Shader">
      <UniqueIdentifier>{d7f5a1a7-d00b-4cbd-ac89-7d1105f562ba}</UniqueIdentifier>
    </Filter>
    <Filter Include="Entity3D">
      <UniqueIdentifier>{c1652657-eb12-4b28-be6c-daa0aae93bf1}</UniqueIdentifier>
    </Filter>
    <Filter Include="Shapes">
      <UniqueIdentifier>{dca0c685-c6e2-4130-85f4-4309e3e5061f}</UniqueIdentifier>
    </Filter>
    <Filter Include="Shapes\Triangle">
      <UniqueIdentifier>{796fd516-d9ac-42bf-b584-5c1c90ffe2ff}</UniqueIdentifier>
    </Filter>
    <Filter Include="Shapes\Rectagle">
      <UniqueIdentifier>{2115725a-ef99-4ee8-8205-b7ce5e76e383}</UniqueIdentifier>
    </Filter>
    <Filter Include="Line">
      <UniqueIdentifier>{b16acf0c-f455-47fd-9e4e-2ce33832b61f}</UniqueIdentifier>
    </Filter>
    <Filter Include="Camera">
      <UniqueIdentifier>{e993099a-da1c-4f0f-b03e-574b0c5ac331}</UniqueIdentifier>
    </Filter>
    <Filter Include="Material">
      <UniqueIdentifier>{699aa9d2-34f3-4724-93cf-dff8fa47a101}</UniqueIdentifier>
    </Filter>
    <Filter Include="VertexAttribute">
      <UniqueIdentifier>{1b7df20c-863f-42bd-8aba-1e00a996e955}</UniqueIdentifier>
    </Filter>
    <Filter Include="Fly Functions\Vertex">
      <UniqueIdentifier>{179464a7-2c40-4325-bafa-1db93ed0f5a7}</UniqueIdentifier>
    </Filter>
    <Filter Include="Importers">
      <UniqueIdentifier>{c80e8adc-d416-47aa-a88d-25e0dcfbb76f}</UniqueIdentifier>
    </Filter>
    <Filter Include="Importers\TextureImporter">
      <UniqueIdentifier>{95f57e52-d3ab-4f49-9fee-d08acae88609}</UniqueIdentifier>
    </Filter>
    <Filter Include="Texture">
      <UniqueIdentifier>{fcaafd85-3812-4377-b4c5-4960a7f4965d}</UniqueIdentifier>
    </Filter>
    <Filter Include="Cube">
      <UniqueIdentifier>{9afa8c4a-7ff2-4ec2-94b6-36135c70252e}</UniqueIdentifier>
    </Filter>
    <Filter Include="Shader\Shaders">
      <UniqueIdentifier>{bb20ed88-944a-4ebb-ad8f-3944db711c71}</UniqueIdentifier>
    </Filter>
    <Filter Include="CameraController">
      <UniqueIdentifier>{c170d493-739a-417e-90d6-1f005b5db66b}</UniqueIdentifier>
    </Filter>
    <Filter Include="Buffers">
      <UniqueIdentifier>{7c34ff47-a2f0-46d4-b31a-1d7ad91c6206}</UniqueIdentifier>
    </Filter>
    <Filter Include="Lights">
      <UniqueIdentifier>{e4247b09-182a-4868-9053-c74958c73782}</UniqueIdentifier>
    </Filter>
    <Filter Include="MaterialSpec">
      <UniqueIdentifier>{923faa49-c6d8-41ab-8004-647344520a2f}</UniqueIdentifier>
    </Filter>
    <Filter Include="MaterialList">
      <UniqueIdentifier>{e156a4d9-fd0e-4428-a7e8-a5a2b8c37e4e}</UniqueIdentifier>
    </Filter>
    <Filter Include="Lights\DirectionalLight">
      <UniqueIdentifier>{f775009c-96a5-44a2-82f7-be51a2d7cf7d}</UniqueIdentifier>
    </Filter>
    <Filter Include="Lights\SpotLight">
      <UniqueIdentifier>{1a96fcf2-ecc4-47a6-bd88-5c54a895a5fe}</UniqueIdentifier>
    </Filter>
    <Filter Include="Lights\PointLight">
      <UniqueIdentifier>{9b0905e9-8480-4545-bfaa-1d2dfd383ac9}</UniqueIdentifier>
    </Filter>
    <Filter Include="Importers\ModelImporter">
      <UniqueIdentifier>{161a05b4-d956-4651-8b6a-64b9144fbfce}</UniqueIdentifier>
    </Filter>
    <Filter Include="Model">
      <UniqueIdentifier>{c719d87c-cdb9-4c59-b5b8-ef65ad47775f}</UniqueIdentifier>
    </Filter>
    <Filter Include="Mesh">
      <UniqueIdentifier>{11a5146b-e138-452c-8c08-392c6ddc7818}</UniqueIdentifier>
    </Filter>
    <Filter Include="Managers">
      <UniqueIdentifier>{c9e77dbe-251c-484d-ba5e-2f5302ac701c}</UniqueIdentifier>
    </Filter>
    <Filter Include="Managers\MaterialManager">
      <UniqueIdentifier>{4e1a732e-388a-40de-b430-7d09e96db1dd}</UniqueIdentifier>
    </Filter>
    <Filter Include="Managers\ShaderManager">
      <UniqueIdentifier>{8c0a322f-dc96-4db1-baf9-1777ea4ef11b}</UniqueIdentifier>
    </Filter>
    <Filter Include="Sprite">
      <UniqueIdentifier>{983ccc8a-8a23-4ad8-ab21-6547f04712c6}</UniqueIdentifier>
    </Filter>
    <Filter Include="Transform">
      <UniqueIdentifier>{6f5aeab7-119a-4733-af21-bd2e29adaab7}</UniqueIdentifier>
    </Filter>
    <Filter Include="Frustum">
      <UniqueIdentifier>{dd6affc8-3970-4126-beec-a70510e1381e}</UniqueIdentifier>
    </Filter>
    <Filter Include="Plane">
      <UniqueIdentifier>{a3458155-2d2a-4913-b063-914cafb5806a}</UniqueIdentifier>
    </Filter>
    <Filter Include="Managers\TextureManager">
      <UniqueIdentifier>{4c526e91-776d-4fe4-a9bd-11904c31dd56}</UniqueIdentifier>
    </Filter>
    <Filter Include="Managers\BSP">
      <UniqueIdentifier>{4b590c24-1333-4189-bd55-86ae2fa9a6b0}</UniqueIdentifier>
    </Filter>
    <Filter Include="SceneGraph">
      <UniqueIdentifier>{7d474ea9-8afe-441e-b805-ce3d1af7a311}</UniqueIdentifier>
    </Filter>
    <Filter Include="SceneNode">
      <UniqueIdentifier>{81e055a2-6986-448c-92e7-d5ca55579c7d}</UniqueIdentifier>
    </Filter>
    <Filter Include="Scene">
      <UniqueIdentifier>{b52a6a71-70d5-4642-b160-77d53e634354}</UniqueIdentifier>
    </Filter>
    <Filter Include="BoundingBox">
      <UniqueIdentifier>{6cb162da-c860-4685-a08f-3671a42379c7}</UniqueIdentifier>
    </Filter>
    <Filter Include="TransformElement">
      <UniqueIdentifier>{5a1fb3e0-302c-4c60-9727-95146e654ffc}</UniqueIdentifier>
    </Filter>
    <Filter Include="Transform Elements">
      <UniqueIdentifier>{fc665c0f-24f8-42bf-990f-f25cb0818a50}</UniqueIdentifier>
    </Filter>
    <Filter Include="Transform Elements\Position">
      <UniqueIdentifier>{259dbd60-bde6-4bc1-82c6-616d268b68db}</UniqueIdentifier>
    </Filter>
    <Filter Include="Transform Elements\Rotation">
      <UniqueIdentifier>{ed27d68b-41fd-42ab-b057-df12b201461a}</UniqueIdentifier>
    </Filter>
    <Filter Include="Transform Elements\Scale">
      <UniqueIdentifier>{b2f75dde-c46f-4cb0-a12d-111f6670d7ec}</UniqueIdentifier>
    </Filter>
    <Filter Include="TransformComponent">
      <UniqueIdentifier>{97b4bdf9-e955-4361-97d1-a2ab68c427bb}</UniqueIdentifier>
    </Filter>
    <Filter Include="Timer">
      <UniqueIdentifier>{b9fbb919-d04c-4441-8f36-b1999ecb58ef}</UniqueIdentifier>
    </Filter>
  </ItemGroup>
  <ItemGroup>
    <ClCompile Include="src\main.cpp" />
    <ClCompile Include="src\TinyXML2\tinyxml2.cpp">
      <Filter>TinyXML2</Filter>
    </ClCompile>
    <ClCompile Include="src\Window\Window.cpp">
      <Filter>Window</Filter>
    </ClCompile>
    <ClCompile Include="src\BaseGame\BaseGame.cpp">
      <Filter>BaseGame</Filter>
    </ClCompile>
    <ClCompile Include="src\FlyFunctions\Debugger\Debugger.cpp">
      <Filter>Fly Functions\Debugger</Filter>
    </ClCompile>
    <ClCompile Include="src\glad.c" />
    <ClCompile Include="src\Renderer\Renderer.cpp">
      <Filter>Renderer</Filter>
    </ClCompile>
    <ClCompile Include="src\Input\Input.cpp">
      <Filter>Input</Filter>
    </ClCompile>
    <ClCompile Include="src\FlyFunctions\Commons\Commons.cpp">
      <Filter>Fly Functions\Commons</Filter>
    </ClCompile>
    <ClCompile Include="src\FlyFunctions\Color\Color.cpp">
      <Filter>Fly Functions\Color</Filter>
    </ClCompile>
    <ClCompile Include="src\Component\Component.cpp">
      <Filter>Component</Filter>
    </ClCompile>
    <ClCompile Include="src\Entity\Entity.cpp">
      <Filter>Entity</Filter>
    </ClCompile>
    <ClCompile Include="src\Shader\Shader.cpp">
      <Filter>Shader</Filter>
    </ClCompile>
    <ClCompile Include="src\Entity3D\Entity3D.cpp">
      <Filter>Entity3D</Filter>
    </ClCompile>
    <ClCompile Include="src\Entity2D\Entity2D.cpp">
      <Filter>Entity2D</Filter>
    </ClCompile>
    <ClCompile Include="src\Shape\Shape.cpp">
      <Filter>Shapes</Filter>
    </ClCompile>
    <ClCompile Include="src\Triangle\Triangle.cpp">
      <Filter>Shapes\Triangle</Filter>
    </ClCompile>
    <ClCompile Include="src\Rectangle\Rectangle.cpp">
      <Filter>Shapes\Rectagle</Filter>
    </ClCompile>
    <ClCompile Include="src\Line\Line.cpp">
      <Filter>Line</Filter>
    </ClCompile>
    <ClCompile Include="src\Camera\Camera.cpp">
      <Filter>Camera</Filter>
    </ClCompile>
    <ClCompile Include="src\Material\Material.cpp">
      <Filter>Material</Filter>
    </ClCompile>
    <ClCompile Include="src\TextureImporter\TextureImporter.cpp">
      <Filter>Importers\TextureImporter</Filter>
    </ClCompile>
    <ClCompile Include="src\Texture\Texture.cpp">
      <Filter>Texture</Filter>
    </ClCompile>
    <ClCompile Include="src\Cube\Cube.cpp">
      <Filter>Cube</Filter>
    </ClCompile>
    <ClCompile Include="src\CameraController\CameraController.cpp">
      <Filter>CameraController</Filter>
    </ClCompile>
    <ClCompile Include="src\Lights\Light.cpp">
      <Filter>Lights</Filter>
    </ClCompile>
    <ClCompile Include="src\MaterialSpecification\MaterialSpecification.cpp">
      <Filter>MaterialSpec</Filter>
    </ClCompile>
    <ClCompile Include="src\Lights\DirectionalLight\DirectionalLight.cpp">
      <Filter>Lights\DirectionalLight</Filter>
    </ClCompile>
    <ClCompile Include="src\Lights\SpotLight\SpotLight.cpp">
      <Filter>Lights\SpotLight</Filter>
    </ClCompile>
    <ClCompile Include="src\Lights\PointLight\PointLight.cpp">
      <Filter>Lights\PointLight</Filter>
    </ClCompile>
    <ClCompile Include="src\ModelImporter\ModelImporter.cpp">
      <Filter>Importers\ModelImporter</Filter>
    </ClCompile>
    <ClCompile Include="src\Model\Model.cpp">
      <Filter>Model</Filter>
    </ClCompile>
    <ClCompile Include="src\Mesh\Mesh.cpp">
      <Filter>Mesh</Filter>
    </ClCompile>
    <ClCompile Include="src\Vertex\Vertex.cpp">
      <Filter>Fly Functions\Vertex</Filter>
    </ClCompile>
    <ClCompile Include="src\MaterialManager\MaterialManager.cpp">
      <Filter>Managers\MaterialManager</Filter>
    </ClCompile>
    <ClCompile Include="src\ShaderManager\ShaderManager.cpp">
      <Filter>Managers\ShaderManager</Filter>
    </ClCompile>
    <ClCompile Include="src\Sprite\Sprite.cpp">
      <Filter>Sprite</Filter>
    </ClCompile>
    <ClCompile Include="src\Transform\Transform.cpp">
      <Filter>Transform</Filter>
    </ClCompile>
    <ClCompile Include="src\Frustum\Frustum.cpp">
      <Filter>Frustum</Filter>
    </ClCompile>
    <ClCompile Include="src\Plane\Plane.cpp">
      <Filter>Plane</Filter>
    </ClCompile>
    <ClCompile Include="src\TextureManager\TextureManager.cpp">
      <Filter>Managers\TextureManager</Filter>
    </ClCompile>
    <ClCompile Include="src\BSPManager\BSPManager.cpp">
      <Filter>Managers\BSP</Filter>
    </ClCompile>
    <ClCompile Include="src\SceneGraph\SceneGraph.cpp">
      <Filter>SceneGraph</Filter>
    </ClCompile>
    <ClCompile Include="src\SceneNode\SceneNode.cpp">
      <Filter>SceneNode</Filter>
    </ClCompile>
    <ClCompile Include="src\Scene\Scene.cpp">
      <Filter>Scene</Filter>
    </ClCompile>
    <ClCompile Include="src\BoundingBox\BoundingBox.cpp">
      <Filter>BoundingBox</Filter>
    </ClCompile>
    <ClCompile Include="src\TransformElement\TransformElement.cpp">
      <Filter>TransformElement</Filter>
    </ClCompile>
    <ClCompile Include="src\TransformPosition\TransformPosition.cpp">
      <Filter>Transform Elements\Position</Filter>
    </ClCompile>
    <ClCompile Include="src\TransformRotation\TransformRotation.cpp">
      <Filter>Transform Elements\Rotation</Filter>
    </ClCompile>
    <ClCompile Include="src\TransformScale\TransformScale.cpp">
      <Filter>Transform Elements\Scale</Filter>
    </ClCompile>
    <ClCompile Include="src\TransformComponent\TransformComponent.cpp">
      <Filter>TransformComponent</Filter>
    </ClCompile>
    <ClCompile Include="src\Timer\Timer.cpp">
      <Filter>Timer</Filter>
    </ClCompile>
  </ItemGroup>
  <ItemGroup>
    <ClInclude Include="src\Exports\Exports.h" />
    <ClInclude Include="src\TinyXML2\tinyxml2.h">
      <Filter>TinyXML2</Filter>
    </ClInclude>
    <ClInclude Include="src\Window\Window.h">
      <Filter>Window</Filter>
    </ClInclude>
    <ClInclude Include="src\BaseGame\BaseGame.h">
      <Filter>BaseGame</Filter>
    </ClInclude>
    <ClInclude Include="src\FlyFunctions\Debugger\Debugger.h">
      <Filter>Fly Functions\Debugger</Filter>
    </ClInclude>
    <ClInclude Include="src\Renderer\Renderer.h">
      <Filter>Renderer</Filter>
    </ClInclude>
    <ClInclude Include="src\Input\Input.h">
      <Filter>Input</Filter>
    </ClInclude>
    <ClInclude Include="src\FlyFunctions\KeyCode\KeyCode.h">
      <Filter>Fly Functions\KeyCode</Filter>
    </ClInclude>
    <ClInclude Include="src\FlyFunctions\Commons\Commons.h">
      <Filter>Fly Functions\Commons</Filter>
    </ClInclude>
    <ClInclude Include="src\FlyFunctions\ColorCode\ColorCode.h">
      <Filter>Fly Functions\ColorCode</Filter>
    </ClInclude>
    <ClInclude Include="src\FlyFunctions\Color\Color.h">
      <Filter>Fly Functions\Color</Filter>
    </ClInclude>
    <ClInclude Include="src\Component\Component.h">
      <Filter>Component</Filter>
    </ClInclude>
    <ClInclude Include="src\Entity\Entity.h">
      <Filter>Entity</Filter>
    </ClInclude>
    <ClInclude Include="src\Shader\Shader.h">
      <Filter>Shader</Filter>
    </ClInclude>
    <ClInclude Include="src\Entity3D\Entity3D.h">
      <Filter>Entity3D</Filter>
    </ClInclude>
    <ClInclude Include="src\Entity2D\Entity2D.h">
      <Filter>Entity2D</Filter>
    </ClInclude>
    <ClInclude Include="src\Shape\Shape.h">
      <Filter>Shapes</Filter>
    </ClInclude>
    <ClInclude Include="src\Triangle\Triangle.h">
      <Filter>Shapes\Triangle</Filter>
    </ClInclude>
    <ClInclude Include="src\Rectangle\Rectangle.h">
      <Filter>Shapes\Rectagle</Filter>
    </ClInclude>
    <ClInclude Include="src\Line\Line.h">
      <Filter>Line</Filter>
    </ClInclude>
    <ClInclude Include="src\Camera\Camera.h">
      <Filter>Camera</Filter>
    </ClInclude>
    <ClInclude Include="src\Material\Material.h">
      <Filter>Material</Filter>
    </ClInclude>
    <ClInclude Include="src\TextureImporter\TextureImporter.h">
      <Filter>Importers\TextureImporter</Filter>
    </ClInclude>
    <ClInclude Include="src\Texture\Texture.h">
      <Filter>Texture</Filter>
    </ClInclude>
    <ClInclude Include="src\Cube\Cube.h">
      <Filter>Cube</Filter>
    </ClInclude>
    <ClInclude Include="src\CameraController\CameraController.h">
      <Filter>CameraController</Filter>
    </ClInclude>
    <ClInclude Include="src\Buffers\Buffers.h">
      <Filter>Buffers</Filter>
    </ClInclude>
    <ClInclude Include="src\VertexAttribute\VertexAttribute.h">
      <Filter>VertexAttribute</Filter>
    </ClInclude>
    <ClInclude Include="src\Lights\Light.h">
      <Filter>Lights</Filter>
    </ClInclude>
    <ClInclude Include="src\MaterialSpecification\MaterialSpecification.h">
      <Filter>MaterialSpec</Filter>
    </ClInclude>
    <ClInclude Include="src\Material\MaterialList.h">
      <Filter>MaterialList</Filter>
    </ClInclude>
    <ClInclude Include="src\Lights\DirectionalLight\DirectionalLight.h">
      <Filter>Lights\DirectionalLight</Filter>
    </ClInclude>
    <ClInclude Include="src\Lights\SpotLight\SpotLight.h">
      <Filter>Lights\SpotLight</Filter>
    </ClInclude>
    <ClInclude Include="src\Lights\PointLight\PointLight.h">
      <Filter>Lights\PointLight</Filter>
    </ClInclude>
    <ClInclude Include="src\Lights\LightType.h">
      <Filter>Lights</Filter>
    </ClInclude>
    <ClInclude Include="src\ModelImporter\ModelImporter.h">
      <Filter>Importers\ModelImporter</Filter>
    </ClInclude>
    <ClInclude Include="src\Model\Model.h">
      <Filter>Model</Filter>
    </ClInclude>
    <ClInclude Include="src\Mesh\Mesh.h">
      <Filter>Mesh</Filter>
    </ClInclude>
    <ClInclude Include="src\Vertex\Vertex.h">
      <Filter>Fly Functions\Vertex</Filter>
    </ClInclude>
    <ClInclude Include="src\MaterialManager\MaterialManager.h">
      <Filter>Managers\MaterialManager</Filter>
    </ClInclude>
    <ClInclude Include="src\ShaderManager\ShaderManager.h">
      <Filter>Managers\ShaderManager</Filter>
    </ClInclude>
    <ClInclude Include="src\Sprite\Sprite.h">
      <Filter>Sprite</Filter>
    </ClInclude>
    <ClInclude Include="src\EngineMode\EngineMode.h">
      <Filter>Entity</Filter>
    </ClInclude>
    <ClInclude Include="src\Transform\Transform.h">
      <Filter>Transform</Filter>
    </ClInclude>
    <ClInclude Include="src\Frustum\Frustum.h">
      <Filter>Frustum</Filter>
    </ClInclude>
    <ClInclude Include="src\Plane\Plane.h">
      <Filter>Plane</Filter>
    </ClInclude>
    <ClInclude Include="src\TextureManager\TextureManager.h">
      <Filter>Managers\TextureManager</Filter>
    </ClInclude>
    <ClInclude Include="src\BSPManager\BSPManager.h">
      <Filter>Managers\BSP</Filter>
    </ClInclude>
    <ClInclude Include="src\SceneGraph\SceneGraph.h">
      <Filter>SceneGraph</Filter>
    </ClInclude>
    <ClInclude Include="src\SceneNode\SceneNode.h">
      <Filter>SceneNode</Filter>
    </ClInclude>
    <ClInclude Include="src\Scene\Scene.h">
      <Filter>Scene</Filter>
    </ClInclude>
    <ClInclude Include="src\BoundingBox\BoundingBox.h">
      <Filter>BoundingBox</Filter>
    </ClInclude>
    <ClInclude Include="src\TransformElement\TransformElement.h">
      <Filter>TransformElement</Filter>
    </ClInclude>
    <ClInclude Include="src\TransformPosition\TransformPosition.h">
      <Filter>Transform Elements\Position</Filter>
    </ClInclude>
    <ClInclude Include="src\TransformRotation\TransformRotation.h">
      <Filter>Transform Elements\Rotation</Filter>
    </ClInclude>
    <ClInclude Include="src\TransformScale\TransformScale.h">
      <Filter>Transform Elements\Scale</Filter>
    </ClInclude>
    <ClInclude Include="src\TransformComponent\TransformComponent.h">
      <Filter>TransformComponent</Filter>
    </ClInclude>
    <ClInclude Include="src\Timer\Timer.h">
      <Filter>Timer</Filter>
    </ClInclude>
  </ItemGroup>
  <ItemGroup>
    <None Include="res\Shaders\defaultBasicFragment.shader">
      <Filter>Shader\Shaders</Filter>
    </None>
    <None Include="res\Shaders\defaultBasicVertex.shader">
      <Filter>Shader\Shaders</Filter>
    </None>
    <None Include="res\Shaders\defaultModelFragment.shader">
      <Filter>Shader\Shaders</Filter>
    </None>
    <None Include="res\Shaders\defaultModelVertex.shader">
      <Filter>Shader\Shaders</Filter>
    </None>
  </ItemGroup>
</Project>